
Microsoft Visual Studio Solution File, Format Version 12.00
# Visual Studio Version 17
VisualStudioVersion = 17.3.32901.215
MinimumVisualStudioVersion = 10.0.40219.1
Project("{2150E333-8FDC-42A3-9474-1A3956D46DE8}") = "SwitchSupport.Application", "SwitchSupport.Application", "{F90ECB47-7E21-44A4-A9A4-5FA266FEB297}"
EndProject
Project("{2150E333-8FDC-42A3-9474-1A3956D46DE8}") = "SwitchSupport.DataLayer", "SwitchSupport.DataLayer", "{38C60056-2810-43A5-B479-7308F08288A8}"
EndProject
Project("{2150E333-8FDC-42A3-9474-1A3956D46DE8}") = "SwitchSupport.Domain", "SwitchSupport.Domain", "{C6B0942E-FB22-4C5C-912E-80DBE788B4BE}"
EndProject
Project("{2150E333-8FDC-42A3-9474-1A3956D46DE8}") = "SwitchSupport.IoC", "SwitchSupport.IoC", "{FB8EBB3F-3444-4160-B669-B54545FE3CAD}"
EndProject
Project("{2150E333-8FDC-42A3-9474-1A3956D46DE8}") = "SwitchSupport.Presentation", "SwitchSupport.Presentation", "{4AA4CEE1-C2EE-40DE-A87C-3E637911E655}"
EndProject
Project("{FAE04EC0-301F-11D3-BF4B-00C04F79EFBC}") = "SwitchSupport.Application", "SwitchSupport.Application\SwitchSupport.Application.csproj", "{2264BEF7-0580-4445-8EAF-EE0CDD66A9AD}"
EndProject
Project("{FAE04EC0-301F-11D3-BF4B-00C04F79EFBC}") = "SwitchSupport.DataLayer", "SwitchSupport.DataLayer\SwitchSupport.DataLayer.csproj", "{0B31A113-B4A5-4447-9699-2E472827E838}"
EndProject
Project("{FAE04EC0-301F-11D3-BF4B-00C04F79EFBC}") = "SwitchSupport.Domain", "SwitchSupport.Domain\SwitchSupport.Domain.csproj", "{BDFE3BBF-2901-4544-B6CC-D25D050F651A}"
EndProject
Project("{FAE04EC0-301F-11D3-BF4B-00C04F79EFBC}") = "SwitchSupport.IoC", "SwitchSupport.IoC\SwitchSupport.IoC.csproj", "{E0A2B3E1-FB50-428B-B068-9C51DF4BB692}"
EndProject
Project("{FAE04EC0-301F-11D3-BF4B-00C04F79EFBC}") = "SwitchSupport.Web", "SwitchSupport.Web\SwitchSupport.Web.csproj", "{2FEB3793-C285-4F88-A243-181F73D96270}"
EndProject
Global
	GlobalSection(SolutionConfigurationPlatforms) = preSolution
		Debug|Any CPU = Debug|Any CPU
		Release|Any CPU = Release|Any CPU
	EndGlobalSection
	GlobalSection(ProjectConfigurationPlatforms) = postSolution
		{2264BEF7-0580-4445-8EAF-EE0CDD66A9AD}.Debug|Any CPU.ActiveCfg = Debug|Any CPU
		{2264BEF7-0580-4445-8EAF-EE0CDD66A9AD}.Debug|Any CPU.Build.0 = Debug|Any CPU
		{2264BEF7-0580-4445-8EAF-EE0CDD66A9AD}.Release|Any CPU.ActiveCfg = Release|Any CPU
		{2264BEF7-0580-4445-8EAF-EE0CDD66A9AD}.Release|Any CPU.Build.0 = Release|Any CPU
		{0B31A113-B4A5-4447-9699-2E472827E838}.Debug|Any CPU.ActiveCfg = Debug|Any CPU
		{0B31A113-B4A5-4447-9699-2E472827E838}.Debug|Any CPU.Build.0 = Debug|Any CPU
		{0B31A113-B4A5-4447-9699-2E472827E838}.Release|Any CPU.ActiveCfg = Release|Any CPU
		{0B31A113-B4A5-4447-9699-2E472827E838}.Release|Any CPU.Build.0 = Release|Any CPU
		{BDFE3BBF-2901-4544-B6CC-D25D050F651A}.Debug|Any CPU.ActiveCfg = Debug|Any CPU
		{BDFE3BBF-2901-4544-B6CC-D25D050F651A}.Debug|Any CPU.Build.0 = Debug|Any CPU
		{BDFE3BBF-2901-4544-B6CC-D25D050F651A}.Release|Any CPU.ActiveCfg = Release|Any CPU
		{BDFE3BBF-2901-4544-B6CC-D25D050F651A}.Release|Any CPU.Build.0 = Release|Any CPU
		{E0A2B3E1-FB50-428B-B068-9C51DF4BB692}.Debug|Any CPU.ActiveCfg = Debug|Any CPU
		{E0A2B3E1-FB50-428B-B068-9C51DF4BB692}.Debug|Any CPU.Build.0 = Debug|Any CPU
		{E0A2B3E1-FB50-428B-B068-9C51DF4BB692}.Release|Any CPU.ActiveCfg = Release|Any CPU
		{E0A2B3E1-FB50-428B-B068-9C51DF4BB692}.Release|Any CPU.Build.0 = Release|Any CPU
		{2FEB3793-C285-4F88-A243-181F73D96270}.Debug|Any CPU.ActiveCfg = Debug|Any CPU
		{2FEB3793-C285-4F88-A243-181F73D96270}.Debug|Any CPU.Build.0 = Debug|Any CPU
		{2FEB3793-C285-4F88-A243-181F73D96270}.Release|Any CPU.ActiveCfg = Release|Any CPU
		{2FEB3793-C285-4F88-A243-181F73D96270}.Release|Any CPU.Build.0 = Release|Any CPU
	EndGlobalSection
	GlobalSection(SolutionProperties) = preSolution
		HideSolutionNode = FALSE
	EndGlobalSection
	GlobalSection(NestedProjects) = preSolution
		{2264BEF7-0580-4445-8EAF-EE0CDD66A9AD} = {F90ECB47-7E21-44A4-A9A4-5FA266FEB297}
		{0B31A113-B4A5-4447-9699-2E472827E838} = {38C60056-2810-43A5-B479-7308F08288A8}
		{BDFE3BBF-2901-4544-B6CC-D25D050F651A} = {C6B0942E-FB22-4C5C-912E-80DBE788B4BE}
		{E0A2B3E1-FB50-428B-B068-9C51DF4BB692} = {FB8EBB3F-3444-4160-B669-B54545FE3CAD}
		{2FEB3793-C285-4F88-A243-181F73D96270} = {4AA4CEE1-C2EE-40DE-A87C-3E637911E655}
	EndGlobalSection
	GlobalSection(ExtensibilityGlobals) = postSolution
		SolutionGuid = {3D97CC56-CD2F-4384-AD43-98C6633EDE39}
	EndGlobalSection
EndGlobal
